// !$*UTF8*$!
{
	archiveVersion = 1;
	classes = {
	};
	objectVersion = 48;
	objects = {

/* Begin PBXBuildFile section */
		9F021FB31F9E13CC00E4BD53 /* AppDelegate.swift in Sources */ = {isa = PBXBuildFile; fileRef = 9F021FB21F9E13CC00E4BD53 /* AppDelegate.swift */; };
		9F021FB51F9E13CC00E4BD53 /* ViewController.swift in Sources */ = {isa = PBXBuildFile; fileRef = 9F021FB41F9E13CC00E4BD53 /* ViewController.swift */; };
		9F021FB81F9E13CC00E4BD53 /* Main.storyboard in Resources */ = {isa = PBXBuildFile; fileRef = 9F021FB61F9E13CC00E4BD53 /* Main.storyboard */; };
		9F021FBA1F9E13CC00E4BD53 /* Assets.xcassets in Resources */ = {isa = PBXBuildFile; fileRef = 9F021FB91F9E13CC00E4BD53 /* Assets.xcassets */; };
		9F021FBD1F9E13CC00E4BD53 /* LaunchScreen.storyboard in Resources */ = {isa = PBXBuildFile; fileRef = 9F021FBB1F9E13CC00E4BD53 /* LaunchScreen.storyboard */; };
		D013095DE53C3D8B4485ED49 /* Pods_Crucible.framework in Frameworks */ = {isa = PBXBuildFile; fileRef = 369A8684F146D75C7C216D48 /* Pods_Crucible.framework */; };
/* End PBXBuildFile section */

/* Begin PBXFileReference section */
		153C4F3E616B1559F10D398E /* Pods-Crucible.release.xcconfig */ = {isa = PBXFileReference; includeInIndex = 1; lastKnownFileType = text.xcconfig; name = "Pods-Crucible.release.xcconfig"; path = "Pods/Target Support Files/Pods-Crucible/Pods-Crucible.release.xcconfig"; sourceTree = "<group>"; };
		369A8684F146D75C7C216D48 /* Pods_Crucible.framework */ = {isa = PBXFileReference; explicitFileType = wrapper.framework; includeInIndex = 0; path = Pods_Crucible.framework; sourceTree = BUILT_PRODUCTS_DIR; };
		9F021FAF1F9E13CB00E4BD53 /* Crucible.app */ = {isa = PBXFileReference; explicitFileType = wrapper.application; includeInIndex = 0; path = Crucible.app; sourceTree = BUILT_PRODUCTS_DIR; };
		9F021FB21F9E13CC00E4BD53 /* AppDelegate.swift */ = {isa = PBXFileReference; lastKnownFileType = sourcecode.swift; path = AppDelegate.swift; sourceTree = "<group>"; };
		9F021FB41F9E13CC00E4BD53 /* ViewController.swift */ = {isa = PBXFileReference; lastKnownFileType = sourcecode.swift; path = ViewController.swift; sourceTree = "<group>"; };
		9F021FB71F9E13CC00E4BD53 /* Base */ = {isa = PBXFileReference; lastKnownFileType = file.storyboard; name = Base; path = Base.lproj/Main.storyboard; sourceTree = "<group>"; };
		9F021FB91F9E13CC00E4BD53 /* Assets.xcassets */ = {isa = PBXFileReference; lastKnownFileType = folder.assetcatalog; path = Assets.xcassets; sourceTree = "<group>"; };
		9F021FBC1F9E13CC00E4BD53 /* Base */ = {isa = PBXFileReference; lastKnownFileType = file.storyboard; name = Base; path = Base.lproj/LaunchScreen.storyboard; sourceTree = "<group>"; };
		9F021FBE1F9E13CC00E4BD53 /* Info.plist */ = {isa = PBXFileReference; lastKnownFileType = text.plist.xml; path = Info.plist; sourceTree = "<group>"; };
		DA3D022F93A2D1BCDAED83E2 /* Pods-Crucible.debug.xcconfig */ = {isa = PBXFileReference; includeInIndex = 1; lastKnownFileType = text.xcconfig; name = "Pods-Crucible.debug.xcconfig"; path = "Pods/Target Support Files/Pods-Crucible/Pods-Crucible.debug.xcconfig"; sourceTree = "<group>"; };
/* End PBXFileReference section */

/* Begin PBXFrameworksBuildPhase section */
		9F021FAC1F9E13CB00E4BD53 /* Frameworks */ = {
			isa = PBXFrameworksBuildPhase;
			buildActionMask = 2147483647;
			files = (
				D013095DE53C3D8B4485ED49 /* Pods_Crucible.framework in Frameworks */,
			);
			runOnlyForDeploymentPostprocessing = 0;
		};
/* End PBXFrameworksBuildPhase section */

/* Begin PBXGroup section */
		255EFA0CC5D5879813136FB2 /* Frameworks */ = {
			isa = PBXGroup;
			children = (
				369A8684F146D75C7C216D48 /* Pods_Crucible.framework */,
			);
			name = Frameworks;
			sourceTree = "<group>";
		};
		9F021FA61F9E13CB00E4BD53 = {
			isa = PBXGroup;
			children = (
				9F021FB11F9E13CB00E4BD53 /* Crucible */,
				9F021FB01F9E13CB00E4BD53 /* Products */,
				E0AD585AEFCC4B8863F20639 /* Pods */,
				255EFA0CC5D5879813136FB2 /* Frameworks */,
			);
			sourceTree = "<group>";
		};
		9F021FB01F9E13CB00E4BD53 /* Products */ = {
			isa = PBXGroup;
			children = (
				9F021FAF1F9E13CB00E4BD53 /* Crucible.app */,
			);
			name = Products;
			sourceTree = "<group>";
		};
		9F021FB11F9E13CB00E4BD53 /* Crucible */ = {
			isa = PBXGroup;
			children = (
				9F021FB21F9E13CC00E4BD53 /* AppDelegate.swift */,
				9F021FB41F9E13CC00E4BD53 /* ViewController.swift */,
				9F021FB61F9E13CC00E4BD53 /* Main.storyboard */,
				9F021FB91F9E13CC00E4BD53 /* Assets.xcassets */,
				9F021FBB1F9E13CC00E4BD53 /* LaunchScreen.storyboard */,
				9F021FBE1F9E13CC00E4BD53 /* Info.plist */,
			);
			path = Crucible;
			sourceTree = "<group>";
		};
		E0AD585AEFCC4B8863F20639 /* Pods */ = {
			isa = PBXGroup;
			children = (
				DA3D022F93A2D1BCDAED83E2 /* Pods-Crucible.debug.xcconfig */,
				153C4F3E616B1559F10D398E /* Pods-Crucible.release.xcconfig */,
			);
			name = Pods;
			sourceTree = "<group>";
		};
/* End PBXGroup section */

/* Begin PBXNativeTarget section */
		9F021FAE1F9E13CB00E4BD53 /* Crucible */ = {
			isa = PBXNativeTarget;
			buildConfigurationList = 9F021FC11F9E13CC00E4BD53 /* Build configuration list for PBXNativeTarget "Crucible" */;
			buildPhases = (
				49050CF111557AB02FFC55B9 /* [CP] Check Pods Manifest.lock */,
				9F021FAB1F9E13CB00E4BD53 /* Sources */,
				9F021FAC1F9E13CB00E4BD53 /* Frameworks */,
				9F021FAD1F9E13CB00E4BD53 /* Resources */,
				2BA5CD18B2DCFAED27AA17EE /* [CP] Embed Pods Frameworks */,
				C478BABD836473C1B5FBEBDB /* [CP] Copy Pods Resources */,
			);
			buildRules = (
			);
			dependencies = (
			);
			name = Crucible;
			productName = Crucible;
			productReference = 9F021FAF1F9E13CB00E4BD53 /* Crucible.app */;
			productType = "com.apple.product-type.application";
		};
/* End PBXNativeTarget section */

/* Begin PBXProject section */
		9F021FA71F9E13CB00E4BD53 /* Project object */ = {
			isa = PBXProject;
			attributes = {
				LastSwiftUpdateCheck = 0900;
				LastUpgradeCheck = 0900;
				ORGANIZATIONNAME = " chenfei";
				TargetAttributes = {
					9F021FAE1F9E13CB00E4BD53 = {
						CreatedOnToolsVersion = 9.0.1;
						ProvisioningStyle = Automatic;
					};
				};
			};
			buildConfigurationList = 9F021FAA1F9E13CB00E4BD53 /* Build configuration list for PBXProject "Crucible" */;
			compatibilityVersion = "Xcode 8.0";
			developmentRegion = en;
			hasScannedForEncodings = 0;
			knownRegions = (
				en,
				Base,
			);
			mainGroup = 9F021FA61F9E13CB00E4BD53;
			productRefGroup = 9F021FB01F9E13CB00E4BD53 /* Products */;
			projectDirPath = "";
			projectRoot = "";
			targets = (
				9F021FAE1F9E13CB00E4BD53 /* Crucible */,
			);
		};
/* End PBXProject section */

/* Begin PBXResourcesBuildPhase section */
		9F021FAD1F9E13CB00E4BD53 /* Resources */ = {
			isa = PBXResourcesBuildPhase;
			buildActionMask = 2147483647;
			files = (
				9F021FBD1F9E13CC00E4BD53 /* LaunchScreen.storyboard in Resources */,
				9F021FBA1F9E13CC00E4BD53 /* Assets.xcassets in Resources */,
				9F021FB81F9E13CC00E4BD53 /* Main.storyboard in Resources */,
			);
			runOnlyForDeploymentPostprocessing = 0;
		};
/* End PBXResourcesBuildPhase section */

/* Begin PBXShellScriptBuildPhase section */
		2BA5CD18B2DCFAED27AA17EE /* [CP] Embed Pods Frameworks */ = {
			isa = PBXShellScriptBuildPhase;
			buildActionMask = 2147483647;
			files = (
			);
			inputPaths = (
			);
			name = "[CP] Embed Pods Frameworks";
			outputPaths = (
			);
			runOnlyForDeploymentPostprocessing = 0;
			shellPath = /bin/sh;
			shellScript = "\"${SRCROOT}/Pods/Target Support Files/Pods-Crucible/Pods-Crucible-frameworks.sh\"\n";
			showEnvVarsInLog = 0;
		};
		49050CF111557AB02FFC55B9 /* [CP] Check Pods Manifest.lock */ = {
			isa = PBXShellScriptBuildPhase;
			buildActionMask = 2147483647;
			files = (
			);
			inputPaths = (
			);
			name = "[CP] Check Pods Manifest.lock";
			outputPaths = (
			);
			runOnlyForDeploymentPostprocessing = 0;
			shellPath = /bin/sh;
			shellScript = "diff \"${PODS_ROOT}/../Podfile.lock\" \"${PODS_ROOT}/Manifest.lock\" > /dev/null\nif [ $? != 0 ] ; then\n    # print error to STDERR\n    echo \"error: The sandbox is not in sync with the Podfile.lock. Run 'pod install' or update your CocoaPods installation.\" >&2\n    exit 1\nfi\n";
			showEnvVarsInLog = 0;
		};
		C478BABD836473C1B5FBEBDB /* [CP] Copy Pods Resources */ = {
			isa = PBXShellScriptBuildPhase;
			buildActionMask = 2147483647;
			files = (
			);
			inputPaths = (
			);
			name = "[CP] Copy Pods Resources";
			outputPaths = (
			);
			runOnlyForDeploymentPostprocessing = 0;
			shellPath = /bin/sh;
			shellScript = "\"${SRCROOT}/Pods/Target Support Files/Pods-Crucible/Pods-Crucible-resources.sh\"\n";
			showEnvVarsInLog = 0;
		};
/* End PBXShellScriptBuildPhase section */

/* Begin PBXSourcesBuildPhase section */
		9F021FAB1F9E13CB00E4BD53 /* Sources */ = {
			isa = PBXSourcesBuildPhase;
			buildActionMask = 2147483647;
			files = (
				9F021FB51F9E13CC00E4BD53 /* ViewController.swift in Sources */,
				9F021FB31F9E13CC00E4BD53 /* AppDelegate.swift in Sources */,
			);
			runOnlyForDeploymentPostprocessing = 0;
		};
/* End PBXSourcesBuildPhase section */

/* Begin PBXVariantGroup section */
		9F021FB61F9E13CC00E4BD53 /* Main.storyboard */ = {
			isa = PBXVariantGroup;
			children = (
				9F021FB71F9E13CC00E4BD53 /* Base */,
			);
			name = Main.storyboard;
			sourceTree = "<group>";
		};
		9F021FBB1F9E13CC00E4BD53 /* LaunchScreen.storyboard */ = {
			isa = PBXVariantGroup;
			children = (
				9F021FBC1F9E13CC00E4BD53 /* Base */,
			);
			name = LaunchScreen.storyboard;
			sourceTree = "<group>";
		};
/* End PBXVariantGroup section */

/* Begin XCBuildConfiguration section */
		9F021FBF1F9E13CC00E4BD53 /* Debug */ = {
			isa = XCBuildConfiguration;
			buildSettings = {
				ALWAYS_SEARCH_USER_PATHS = NO;
				CLANG_ANALYZER_NONNULL = YES;
				CLANG_ANALYZER_NUMBER_OBJECT_CONVERSION = YES_AGGRESSIVE;
				CLANG_CXX_LANGUAGE_STANDARD = "gnu++14";
				CLANG_CXX_LIBRARY = "libc++";
				CLANG_ENABLE_MODULES = YES;
				CLANG_ENABLE_OBJC_ARC = YES;
				CLANG_WARN_BLOCK_CAPTURE_AUTORELEASING = YES;
				CLANG_WARN_BOOL_CONVERSION = YES;
				CLANG_WARN_COMMA = YES;
				CLANG_WARN_CONSTANT_CONVERSION = YES;
				CLANG_WARN_DIRECT_OBJC_ISA_USAGE = YES_ERROR;
				CLANG_WARN_DOCUMENTATION_COMMENTS = YES;
				CLANG_WARN_EMPTY_BODY = YES;
				CLANG_WARN_ENUM_CONVERSION = YES;
				CLANG_WARN_INFINITE_RECURSION = YES;
				CLANG_WARN_INT_CONVERSION = YES;
				CLANG_WARN_NON_LITERAL_NULL_CONVERSION = YES;
				CLANG_WARN_OBJC_LITERAL_CONVERSION = YES;
				CLANG_WARN_OBJC_ROOT_CLASS = YES_ERROR;
				CLANG_WARN_RANGE_LOOP_ANALYSIS = YES;
				CLANG_WARN_STRICT_PROTOTYPES = YES;
				CLANG_WARN_SUSPICIOUS_MOVE = YES;
				CLANG_WARN_UNGUARDED_AVAILABILITY = YES_AGGRESSIVE;
				CLANG_WARN_UNREACHABLE_CODE = YES;
				CLANG_WARN__DUPLICATE_METHOD_MATCH = YES;
				CODE_SIGN_IDENTITY = "iPhone Developer";
				COPY_PHASE_STRIP = NO;
				DEBUG_INFORMATION_FORMAT = dwarf;
				ENABLE_STRICT_OBJC_MSGSEND = YES;
				ENABLE_TESTABILITY = YES;
				GCC_C_LANGUAGE_STANDARD = gnu11;
				GCC_DYNAMIC_NO_PIC = NO;
				GCC_NO_COMMON_BLOCKS = YES;
				GCC_OPTIMIZATION_LEVEL = 0;
				GCC_PREPROCESSOR_DEFINITIONS = (
					"DEBUG=1",
					"$(inherited)",
				);
				GCC_WARN_64_TO_32_BIT_CONVERSION = YES;
				GCC_WARN_ABOUT_RETURN_TYPE = YES_ERROR;
				GCC_WARN_UNDECLARED_SELECTOR = YES;
				GCC_WARN_UNINITIALIZED_AUTOS = YES_AGGRESSIVE;
				GCC_WARN_UNUSED_FUNCTION = YES;
				GCC_WARN_UNUSED_VARIABLE = YES;
				IPHONEOS_DEPLOYMENT_TARGET = 11.0;
				MTL_ENABLE_DEBUG_INFO = YES;
				ONLY_ACTIVE_ARCH = YES;
				SDKROOT = iphoneos;
				SWIFT_ACTIVE_COMPILATION_CONDITIONS = DEBUG;
				SWIFT_OPTIMIZATION_LEVEL = "-Onone";
			};
			name = Debug;
		};
		9F021FC01F9E13CC00E4BD53 /* Release */ = {
			isa = XCBuildConfiguration;
			buildSettings = {
				ALWAYS_SEARCH_USER_PATHS = NO;
				CLANG_ANALYZER_NONNULL = YES;
				CLANG_ANALYZER_NUMBER_OBJECT_CONVERSION = YES_AGGRESSIVE;
				CLANG_CXX_LANGUAGE_STANDARD = "gnu++14";
				CLANG_CXX_LIBRARY = "libc++";
				CLANG_ENABLE_MODULES = YES;
				CLANG_ENABLE_OBJC_ARC = YES;
				CLANG_WARN_BLOCK_CAPTURE_AUTORELEASING = YES;
				CLANG_WARN_BOOL_CONVERSION = YES;
				CLANG_WARN_COMMA = YES;
				CLANG_WARN_CONSTANT_CONVERSION = YES;
				CLANG_WARN_DIRECT_OBJC_ISA_USAGE = YES_ERROR;
				CLANG_WARN_DOCUMENTATION_COMMENTS = YES;
				CLANG_WARN_EMPTY_BODY = YES;
				CLANG_WARN_ENUM_CONVERSION = YES;
				CLANG_WARN_INFINITE_RECURSION = YES;
				CLANG_WARN_INT_CONVERSION = YES;
				CLANG_WARN_NON_LITERAL_NULL_CONVERSION = YES;
				CLANG_WARN_OBJC_LITERAL_CONVERSION = YES;
				CLANG_WARN_OBJC_ROOT_CLASS = YES_ERROR;
				CLANG_WARN_RANGE_LOOP_ANALYSIS = YES;
				CLANG_WARN_STRICT_PROTOTYPES = YES;
				CLANG_WARN_SUSPICIOUS_MOVE = YES;
				CLANG_WARN_UNGUARDED_AVAILABILITY = YES_AGGRESSIVE;
				CLANG_WARN_UNREACHABLE_CODE = YES;
				CLANG_WARN__DUPLICATE_METHOD_MATCH = YES;
				CODE_SIGN_IDENTITY = "iPhone Developer";
				COPY_PHASE_STRIP = NO;
				DEBUG_INFORMATION_FORMAT = "dwarf-with-dsym";
				ENABLE_NS_ASSERTIONS = NO;
				ENABLE_STRICT_OBJC_MSGSEND = YES;
				GCC_C_LANGUAGE_STANDARD = gnu11;
				GCC_NO_COMMON_BLOCKS = YES;
				GCC_WARN_64_TO_32_BIT_CONVERSION = YES;
				GCC_WARN_ABOUT_RETURN_TYPE = YES_ERROR;
				GCC_WARN_UNDECLARED_SELECTOR = YES;
				GCC_WARN_UNINITIALIZED_AUTOS = YES_AGGRESSIVE;
				GCC_WARN_UNUSED_FUNCTION = YES;
				GCC_WARN_UNUSED_VARIABLE = YES;
				IPHONEOS_DEPLOYMENT_TARGET = 11.0;
				MTL_ENABLE_DEBUG_INFO = NO;
				SDKROOT = iphoneos;
				SWIFT_OPTIMIZATION_LEVEL = "-Owholemodule";
				VALIDATE_PRODUCT = YES;
			};
			name = Release;
		};
		9F021FC21F9E13CC00E4BD53 /* Debug */ = {
			isa = XCBuildConfiguration;
			baseConfigurationReference = DA3D022F93A2D1BCDAED83E2 /* Pods-Crucible.debug.xcconfig */;
			buildSettings = {
				ASSETCATALOG_COMPILER_APPICON_NAME = AppIcon;
				CODE_SIGN_STYLE = Automatic;
				INFOPLIST_FILE = Crucible/Info.plist;
				LD_RUNPATH_SEARCH_PATHS = "$(inherited) @executable_path/Frameworks";
				PRODUCT_BUNDLE_IDENTIFIER = com.fyysp.Crucible;
				PRODUCT_NAME = "$(TARGET_NAME)";
				SWIFT_VERSION = 4.0;
				TARGETED_DEVICE_FAMILY = "1,2";
			};
			name = Debug;
		};
		9F021FC31F9E13CC00E4BD53 /* Release */ = {
			isa = XCBuildConfiguration;
			baseConfigurationReference = 153C4F3E616B1559F10D398E /* Pods-Crucible.release.xcconfig */;
			buildSettings = {
				ASSETCATALOG_COMPILER_APPICON_NAME = AppIcon;
				CODE_SIGN_STYLE = Automatic;
				INFOPLIST_FILE = Crucible/Info.plist;
				LD_RUNPATH_SEARCH_PATHS = "$(inherited) @executable_path/Frameworks";
				PRODUCT_BUNDLE_IDENTIFIER = com.fyysp.Crucible;
				PRODUCT_NAME = "$(TARGET_NAME)";
				SWIFT_VERSION = 4.0;
				TARGETED_DEVICE_FAMILY = "1,2";
			};
			name = Release;
		};
/* End XCBuildConfiguration section */

/* Begin XCConfigurationList section */
		9F021FAA1F9E13CB00E4BD53 /* Build configuration list for PBXProject "Crucible" */ = {
			isa = XCConfigurationList;
			buildConfigurations = (
				9F021FBF1F9E13CC00E4BD53 /* Debug */,
				9F021FC01F9E13CC00E4BD53 /* Release */,
			);
			defaultConfigurationIsVisible = 0;
			defaultConfigurationName = Release;
		};
		9F021FC11F9E13CC00E4BD53 /* Build configuration list for PBXNativeTarget "Crucible" */ = {
			isa = XCConfigurationList;
			buildConfigurations = (
				9F021FC21F9E13CC00E4BD53 /* Debug */,
				9F021FC31F9E13CC00E4BD53 /* Release */,
			);
			defaultConfigurationIsVisible = 0;
			defaultConfigurationName = Release;
		};
/* End XCConfigurationList section */
	};
	rootObject = 9F021FA71F9E13CB00E4BD53 /* Project object */;
}
